
Microsoft Visual Studio Solution File, Format Version 12.00
# Visual Studio Version 16
VisualStudioVersion = 16.0.31402.337
MinimumVisualStudioVersion = 10.0.40219.1
Project("{9A19103F-16F7-4668-BE54-9A1E7A4F7556}") = "My.Web.API", "My.Web.API\My.Web.API.csproj", "{C822D398-BDE8-4B4E-84C9-51196B509C4C}"
EndProject
Project("{9A19103F-16F7-4668-BE54-9A1E7A4F7556}") = "My.Web.Service", "My.Web.Service\My.Web.Service.csproj", "{DB8EC231-B2C7-42C4-A310-BFDC155B4285}"
EndProject
Project("{9A19103F-16F7-4668-BE54-9A1E7A4F7556}") = "My.Web.Data", "My.Web.Data\My.Web.Data.csproj", "{110E7A35-C313-4DE3-9531-483E40B4EA07}"
EndProject
Project("{9A19103F-16F7-4668-BE54-9A1E7A4F7556}") = "My.Web.Repository", "My.Web.Repository\My.Web.Repository.csproj", "{04ACA1C3-A0D8-4D84-86EE-9C3EBAD034E3}"
EndProject
Project("{9A19103F-16F7-4668-BE54-9A1E7A4F7556}") = "My.Web.Test", "My.Web.Test\My.Web.Test.csproj", "{EE86DB85-A431-476A-9E53-7EBBE20E0346}"
EndProject
Project("{9A19103F-16F7-4668-BE54-9A1E7A4F7556}") = "My.Web.LoggerService", "My.Web.LoggerService\My.Web.LoggerService.csproj", "{4249EB77-F881-4998-B3FC-29A7D0650B4B}"
EndProject
Project("{2150E333-8FDC-42A3-9474-1A3956D46DE8}") = "Services", "Services", "{0BD42DA5-F1A1-4CCC-AB60-BE6776F989A7}"
EndProject
Project("{2150E333-8FDC-42A3-9474-1A3956D46DE8}") = "Test", "Test", "{AFA732C5-1899-47EA-B091-2C068D2691C0}"
EndProject
Project("{2150E333-8FDC-42A3-9474-1A3956D46DE8}") = "Data", "Data", "{61670CF6-3CF3-4FEF-A686-DAEA719E8054}"
EndProject
Project("{2150E333-8FDC-42A3-9474-1A3956D46DE8}") = "Common", "Common", "{14C45A5F-BC75-446D-A0DB-45882659F0F4}"
EndProject
Project("{2150E333-8FDC-42A3-9474-1A3956D46DE8}") = "Web", "Web", "{AC561423-E91A-45CC-8232-EA64F6F57B75}"
EndProject
Project("{FAE04EC0-301F-11D3-BF4B-00C04F79EFBC}") = "My.Web.Entities", "My.Web.Entities\My.Web.Entities.csproj", "{023D6302-AAB3-48E6-BB47-60513F0597F5}"
EndProject
Global
	GlobalSection(SolutionConfigurationPlatforms) = preSolution
		Debug|Any CPU = Debug|Any CPU
		Release|Any CPU = Release|Any CPU
	EndGlobalSection
	GlobalSection(ProjectConfigurationPlatforms) = postSolution
		{C822D398-BDE8-4B4E-84C9-51196B509C4C}.Debug|Any CPU.ActiveCfg = Debug|Any CPU
		{C822D398-BDE8-4B4E-84C9-51196B509C4C}.Debug|Any CPU.Build.0 = Debug|Any CPU
		{C822D398-BDE8-4B4E-84C9-51196B509C4C}.Release|Any CPU.ActiveCfg = Release|Any CPU
		{C822D398-BDE8-4B4E-84C9-51196B509C4C}.Release|Any CPU.Build.0 = Release|Any CPU
		{DB8EC231-B2C7-42C4-A310-BFDC155B4285}.Debug|Any CPU.ActiveCfg = Debug|Any CPU
		{DB8EC231-B2C7-42C4-A310-BFDC155B4285}.Debug|Any CPU.Build.0 = Debug|Any CPU
		{DB8EC231-B2C7-42C4-A310-BFDC155B4285}.Release|Any CPU.ActiveCfg = Release|Any CPU
		{DB8EC231-B2C7-42C4-A310-BFDC155B4285}.Release|Any CPU.Build.0 = Release|Any CPU
		{110E7A35-C313-4DE3-9531-483E40B4EA07}.Debug|Any CPU.ActiveCfg = Debug|Any CPU
		{110E7A35-C313-4DE3-9531-483E40B4EA07}.Debug|Any CPU.Build.0 = Debug|Any CPU
		{110E7A35-C313-4DE3-9531-483E40B4EA07}.Release|Any CPU.ActiveCfg = Release|Any CPU
		{110E7A35-C313-4DE3-9531-483E40B4EA07}.Release|Any CPU.Build.0 = Release|Any CPU
		{04ACA1C3-A0D8-4D84-86EE-9C3EBAD034E3}.Debug|Any CPU.ActiveCfg = Debug|Any CPU
		{04ACA1C3-A0D8-4D84-86EE-9C3EBAD034E3}.Debug|Any CPU.Build.0 = Debug|Any CPU
		{04ACA1C3-A0D8-4D84-86EE-9C3EBAD034E3}.Release|Any CPU.ActiveCfg = Release|Any CPU
		{04ACA1C3-A0D8-4D84-86EE-9C3EBAD034E3}.Release|Any CPU.Build.0 = Release|Any CPU
		{EE86DB85-A431-476A-9E53-7EBBE20E0346}.Debug|Any CPU.ActiveCfg = Debug|Any CPU
		{EE86DB85-A431-476A-9E53-7EBBE20E0346}.Debug|Any CPU.Build.0 = Debug|Any CPU
		{EE86DB85-A431-476A-9E53-7EBBE20E0346}.Release|Any CPU.ActiveCfg = Release|Any CPU
		{EE86DB85-A431-476A-9E53-7EBBE20E0346}.Release|Any CPU.Build.0 = Release|Any CPU
		{4249EB77-F881-4998-B3FC-29A7D0650B4B}.Debug|Any CPU.ActiveCfg = Debug|Any CPU
		{4249EB77-F881-4998-B3FC-29A7D0650B4B}.Debug|Any CPU.Build.0 = Debug|Any CPU
		{4249EB77-F881-4998-B3FC-29A7D0650B4B}.Release|Any CPU.ActiveCfg = Release|Any CPU
		{4249EB77-F881-4998-B3FC-29A7D0650B4B}.Release|Any CPU.Build.0 = Release|Any CPU
		{023D6302-AAB3-48E6-BB47-60513F0597F5}.Debug|Any CPU.ActiveCfg = Debug|Any CPU
		{023D6302-AAB3-48E6-BB47-60513F0597F5}.Debug|Any CPU.Build.0 = Debug|Any CPU
		{023D6302-AAB3-48E6-BB47-60513F0597F5}.Release|Any CPU.ActiveCfg = Release|Any CPU
		{023D6302-AAB3-48E6-BB47-60513F0597F5}.Release|Any CPU.Build.0 = Release|Any CPU
	EndGlobalSection
	GlobalSection(SolutionProperties) = preSolution
		HideSolutionNode = FALSE
	EndGlobalSection
	GlobalSection(NestedProjects) = preSolution
		{C822D398-BDE8-4B4E-84C9-51196B509C4C} = {AC561423-E91A-45CC-8232-EA64F6F57B75}
		{DB8EC231-B2C7-42C4-A310-BFDC155B4285} = {0BD42DA5-F1A1-4CCC-AB60-BE6776F989A7}
		{110E7A35-C313-4DE3-9531-483E40B4EA07} = {61670CF6-3CF3-4FEF-A686-DAEA719E8054}
		{04ACA1C3-A0D8-4D84-86EE-9C3EBAD034E3} = {61670CF6-3CF3-4FEF-A686-DAEA719E8054}
		{EE86DB85-A431-476A-9E53-7EBBE20E0346} = {AFA732C5-1899-47EA-B091-2C068D2691C0}
		{4249EB77-F881-4998-B3FC-29A7D0650B4B} = {14C45A5F-BC75-446D-A0DB-45882659F0F4}
		{023D6302-AAB3-48E6-BB47-60513F0597F5} = {61670CF6-3CF3-4FEF-A686-DAEA719E8054}
	EndGlobalSection
	GlobalSection(ExtensibilityGlobals) = postSolution
		SolutionGuid = {2D554074-3599-4D8F-933D-0E479E25A4C2}
	EndGlobalSection
EndGlobal
